
Microsoft Visual Studio Solution File, Format Version 12.00
Project("{FAE04EC0-301F-11D3-BF4B-00C04F79EFBC}") = "CaptchaBot.Api", "CaptchaBot.Api\CaptchaBot.Api.csproj", "{237A84E1-F80F-4B9F-BDB3-E8070519C56B}"
EndProject
Project("{FAE04EC0-301F-11D3-BF4B-00C04F79EFBC}") = "CaptchaBot.Application", "CaptchaBot.Application\CaptchaBot.Application.csproj", "{3CCCB9F9-B535-4E0B-BB46-6880B388BCD5}"
EndProject
Global
	GlobalSection(SolutionConfigurationPlatforms) = preSolution
		Debug|Any CPU = Debug|Any CPU
		Release|Any CPU = Release|Any CPU
	EndGlobalSection
	GlobalSection(ProjectConfigurationPlatforms) = postSolution
		{237A84E1-F80F-4B9F-BDB3-E8070519C56B}.Debug|Any CPU.ActiveCfg = Debug|Any CPU
		{237A84E1-F80F-4B9F-BDB3-E8070519C56B}.Debug|Any CPU.Build.0 = Debug|Any CPU
		{237A84E1-F80F-4B9F-BDB3-E8070519C56B}.Release|Any CPU.ActiveCfg = Release|Any CPU
		{237A84E1-F80F-4B9F-BDB3-E8070519C56B}.Release|Any CPU.Build.0 = Release|Any CPU
		{3CCCB9F9-B535-4E0B-BB46-6880B388BCD5}.Debug|Any CPU.ActiveCfg = Debug|Any CPU
		{3CCCB9F9-B535-4E0B-BB46-6880B388BCD5}.Debug|Any CPU.Build.0 = Debug|Any CPU
		{3CCCB9F9-B535-4E0B-BB46-6880B388BCD5}.Release|Any CPU.ActiveCfg = Release|Any CPU
		{3CCCB9F9-B535-4E0B-BB46-6880B388BCD5}.Release|Any CPU.Build.0 = Release|Any CPU
	EndGlobalSection
EndGlobal
